
Microsoft Visual Studio Solution File, Format Version 12.00
# Visual Studio Version 16
VisualStudioVersion = 16.0.29806.167
MinimumVisualStudioVersion = 10.0.40219.1
Project("{9A19103F-16F7-4668-BE54-9A1E7A4F7556}") = "Secure Calculator Tests", "Secure-Calculator-Technical-Challenge-Tests\Secure Calculator Tests.csproj", "{B55BBE4E-FEB7-4A12-B671-69643BD57507}"
EndProject
Project("{9A19103F-16F7-4668-BE54-9A1E7A4F7556}") = "Calculator Application", "Calculator Application\Calculator Application.csproj", "{538C25F7-12C5-4A7F-95F6-DBB66AF7DE0B}"
EndProject
Project("{9A19103F-16F7-4668-BE54-9A1E7A4F7556}") = "Calculator Service", "Calculator Service\Calculator Service.csproj", "{88F84A82-E38F-4C81-9316-A04B9BE1BFD0}"
EndProject
Project("{9A19103F-16F7-4668-BE54-9A1E7A4F7556}") = "Login System", "Login System\Login System.csproj", "{B8E8EBC4-71C0-49A6-A078-E2EAF666696C}"
EndProject
Project("{FAE04EC0-301F-11D3-BF4B-00C04F79EFBC}") = "Login System Tests", "Login System Tests\Login System Tests.csproj", "{E34CA3F9-04C5-4582-AC57-AFFEE1A2BB43}"
EndProject
Global
	GlobalSection(SolutionConfigurationPlatforms) = preSolution
		Debug|Any CPU = Debug|Any CPU
		Release|Any CPU = Release|Any CPU
	EndGlobalSection
	GlobalSection(ProjectConfigurationPlatforms) = postSolution
		{B55BBE4E-FEB7-4A12-B671-69643BD57507}.Debug|Any CPU.ActiveCfg = Debug|Any CPU
		{B55BBE4E-FEB7-4A12-B671-69643BD57507}.Debug|Any CPU.Build.0 = Debug|Any CPU
		{B55BBE4E-FEB7-4A12-B671-69643BD57507}.Release|Any CPU.ActiveCfg = Release|Any CPU
		{B55BBE4E-FEB7-4A12-B671-69643BD57507}.Release|Any CPU.Build.0 = Release|Any CPU
		{538C25F7-12C5-4A7F-95F6-DBB66AF7DE0B}.Debug|Any CPU.ActiveCfg = Debug|Any CPU
		{538C25F7-12C5-4A7F-95F6-DBB66AF7DE0B}.Debug|Any CPU.Build.0 = Debug|Any CPU
		{538C25F7-12C5-4A7F-95F6-DBB66AF7DE0B}.Release|Any CPU.ActiveCfg = Release|Any CPU
		{538C25F7-12C5-4A7F-95F6-DBB66AF7DE0B}.Release|Any CPU.Build.0 = Release|Any CPU
		{88F84A82-E38F-4C81-9316-A04B9BE1BFD0}.Debug|Any CPU.ActiveCfg = Debug|Any CPU
		{88F84A82-E38F-4C81-9316-A04B9BE1BFD0}.Debug|Any CPU.Build.0 = Debug|Any CPU
		{88F84A82-E38F-4C81-9316-A04B9BE1BFD0}.Release|Any CPU.ActiveCfg = Release|Any CPU
		{88F84A82-E38F-4C81-9316-A04B9BE1BFD0}.Release|Any CPU.Build.0 = Release|Any CPU
		{B8E8EBC4-71C0-49A6-A078-E2EAF666696C}.Debug|Any CPU.ActiveCfg = Debug|Any CPU
		{B8E8EBC4-71C0-49A6-A078-E2EAF666696C}.Debug|Any CPU.Build.0 = Debug|Any CPU
		{B8E8EBC4-71C0-49A6-A078-E2EAF666696C}.Release|Any CPU.ActiveCfg = Release|Any CPU
		{B8E8EBC4-71C0-49A6-A078-E2EAF666696C}.Release|Any CPU.Build.0 = Release|Any CPU
		{E34CA3F9-04C5-4582-AC57-AFFEE1A2BB43}.Debug|Any CPU.ActiveCfg = Debug|Any CPU
		{E34CA3F9-04C5-4582-AC57-AFFEE1A2BB43}.Debug|Any CPU.Build.0 = Debug|Any CPU
		{E34CA3F9-04C5-4582-AC57-AFFEE1A2BB43}.Release|Any CPU.ActiveCfg = Release|Any CPU
		{E34CA3F9-04C5-4582-AC57-AFFEE1A2BB43}.Release|Any CPU.Build.0 = Release|Any CPU
	EndGlobalSection
	GlobalSection(SolutionProperties) = preSolution
		HideSolutionNode = FALSE
	EndGlobalSection
	GlobalSection(ExtensibilityGlobals) = postSolution
		SolutionGuid = {3C825224-0117-4214-B6D1-8CB3067A2A0A}
	EndGlobalSection
EndGlobal
